# THIS IS AN AUTOGENERATED FILE. DO NOT EDIT THIS FILE DIRECTLY.
# yarn lockfile v1


fullpage.js@^3.0.3:
  version "3.0.3"
  resolved "https://registry.yarnpkg.com/fullpage.js/-/fullpage.js-3.0.3.tgz#d52b7960eab96fc3e8aeed3282392df031ed6c89"
  dependencies:
    jquery "^3.3.1"

inline-svg@^2.2.3:
  version "2.2.3"
  resolved "https://registry.yarnpkg.com/inline-svg/-/inline-svg-2.2.3.tgz#284b9dfd4bde0048467ee3321472392647d4f208"

jquery@^3.3.1:
  version "3.3.1"
  resolved "https://registry.yarnpkg.com/jquery/-/jquery-3.3.1.tgz#958ce29e81c9790f31be7792df5d4d95fc57fbca"

normalize.css@^8.0.1:
  version "8.0.1"
  resolved "https://registry.yarnpkg.com/normalize.css/-/normalize.css-8.0.1.tgz#9b98a208738b9cc2634caacbc42d131c97487bf3"

slick-carousel@^1.8.1:
  version "1.8.1"
  resolved "https://registry.yarnpkg.com/slick-carousel/-/slick-carousel-1.8.1.tgz#a4bfb29014887bb66ce528b90bd0cda262cc8f8d"
